// !$*UTF8*$!
{
	archiveVersion = 1;
	classes = {
	};
	objectVersion = 51;
	objects = {

/* Begin PBXBuildFile section */
		4ABB831F4DDE302656906447 /* Pods_PodcastsApp.framework in Frameworks */ = {isa = PBXBuildFile; fileRef = 5E74DB4D5A69E5351C721DE4 /* Pods_PodcastsApp.framework */; };
		54722B912574B59200CB8A1D /* AppDelegate.swift in Sources */ = {isa = PBXBuildFile; fileRef = 54722B902574B59200CB8A1D /* AppDelegate.swift */; };
		54722B932574B59200CB8A1D /* SceneDelegate.swift in Sources */ = {isa = PBXBuildFile; fileRef = 54722B922574B59200CB8A1D /* SceneDelegate.swift */; };
		54722B952574B59200CB8A1D /* ViewController.swift in Sources */ = {isa = PBXBuildFile; fileRef = 54722B942574B59200CB8A1D /* ViewController.swift */; };
		54722B982574B59200CB8A1D /* Main.storyboard in Resources */ = {isa = PBXBuildFile; fileRef = 54722B962574B59200CB8A1D /* Main.storyboard */; };
		54722B9A2574B59400CB8A1D /* Assets.xcassets in Resources */ = {isa = PBXBuildFile; fileRef = 54722B992574B59400CB8A1D /* Assets.xcassets */; };
		54722B9D2574B59400CB8A1D /* LaunchScreen.storyboard in Resources */ = {isa = PBXBuildFile; fileRef = 54722B9B2574B59400CB8A1D /* LaunchScreen.storyboard */; };
		54722BA52574B74200CB8A1D /* MainTabBarController.swift in Sources */ = {isa = PBXBuildFile; fileRef = 54722BA42574B74200CB8A1D /* MainTabBarController.swift */; };
		54722BB02574CB8000CB8A1D /* Podcast.swift in Sources */ = {isa = PBXBuildFile; fileRef = 54722BAF2574CB8000CB8A1D /* Podcast.swift */; };
		54722BB22574CB8D00CB8A1D /* PodcastsSearchController.swift in Sources */ = {isa = PBXBuildFile; fileRef = 54722BB12574CB8D00CB8A1D /* PodcastsSearchController.swift */; };
		54722BB52574E9DD00CB8A1D /* APIService.swift in Sources */ = {isa = PBXBuildFile; fileRef = 54722BB42574E9DD00CB8A1D /* APIService.swift */; };
/* End PBXBuildFile section */

/* Begin PBXFileReference section */
		1724F280B1BF55F8B01C7B20 /* Pods-PodcastsApp.release.xcconfig */ = {isa = PBXFileReference; includeInIndex = 1; lastKnownFileType = text.xcconfig; name = "Pods-PodcastsApp.release.xcconfig"; path = "Target Support Files/Pods-PodcastsApp/Pods-PodcastsApp.release.xcconfig"; sourceTree = "<group>"; };
		54722B8D2574B59200CB8A1D /* PodcastsApp.app */ = {isa = PBXFileReference; explicitFileType = wrapper.application; includeInIndex = 0; path = PodcastsApp.app; sourceTree = BUILT_PRODUCTS_DIR; };
		54722B902574B59200CB8A1D /* AppDelegate.swift */ = {isa = PBXFileReference; lastKnownFileType = sourcecode.swift; path = AppDelegate.swift; sourceTree = "<group>"; };
		54722B922574B59200CB8A1D /* SceneDelegate.swift */ = {isa = PBXFileReference; lastKnownFileType = sourcecode.swift; path = SceneDelegate.swift; sourceTree = "<group>"; };
		54722B942574B59200CB8A1D /* ViewController.swift */ = {isa = PBXFileReference; lastKnownFileType = sourcecode.swift; path = ViewController.swift; sourceTree = "<group>"; };
		54722B972574B59200CB8A1D /* Base */ = {isa = PBXFileReference; lastKnownFileType = file.storyboard; name = Base; path = Base.lproj/Main.storyboard; sourceTree = "<group>"; };
		54722B992574B59400CB8A1D /* Assets.xcassets */ = {isa = PBXFileReference; lastKnownFileType = folder.assetcatalog; path = Assets.xcassets; sourceTree = "<group>"; };
		54722B9C2574B59400CB8A1D /* Base */ = {isa = PBXFileReference; lastKnownFileType = file.storyboard; name = Base; path = Base.lproj/LaunchScreen.storyboard; sourceTree = "<group>"; };
		54722B9E2574B59400CB8A1D /* Info.plist */ = {isa = PBXFileReference; lastKnownFileType = text.plist.xml; path = Info.plist; sourceTree = "<group>"; };
		54722BA42574B74200CB8A1D /* MainTabBarController.swift */ = {isa = PBXFileReference; lastKnownFileType = sourcecode.swift; path = MainTabBarController.swift; sourceTree = "<group>"; };
		54722BAF2574CB8000CB8A1D /* Podcast.swift */ = {isa = PBXFileReference; lastKnownFileType = sourcecode.swift; path = Podcast.swift; sourceTree = "<group>"; };
		54722BB12574CB8D00CB8A1D /* PodcastsSearchController.swift */ = {isa = PBXFileReference; lastKnownFileType = sourcecode.swift; path = PodcastsSearchController.swift; sourceTree = "<group>"; };
		54722BB42574E9DD00CB8A1D /* APIService.swift */ = {isa = PBXFileReference; lastKnownFileType = sourcecode.swift; path = APIService.swift; sourceTree = "<group>"; };
		5E74DB4D5A69E5351C721DE4 /* Pods_PodcastsApp.framework */ = {isa = PBXFileReference; explicitFileType = wrapper.framework; includeInIndex = 0; path = Pods_PodcastsApp.framework; sourceTree = BUILT_PRODUCTS_DIR; };
		FBADC45FBD0F3A8C3FEC4004 /* Pods-PodcastsApp.debug.xcconfig */ = {isa = PBXFileReference; includeInIndex = 1; lastKnownFileType = text.xcconfig; name = "Pods-PodcastsApp.debug.xcconfig"; path = "Target Support Files/Pods-PodcastsApp/Pods-PodcastsApp.debug.xcconfig"; sourceTree = "<group>"; };
/* End PBXFileReference section */

/* Begin PBXFrameworksBuildPhase section */
		54722B8A2574B59200CB8A1D /* Frameworks */ = {
			isa = PBXFrameworksBuildPhase;
			buildActionMask = 2147483647;
			files = (
				4ABB831F4DDE302656906447 /* Pods_PodcastsApp.framework in Frameworks */,
			);
			runOnlyForDeploymentPostprocessing = 0;
		};
/* End PBXFrameworksBuildPhase section */

/* Begin PBXGroup section */
		2C03A0A5D588DA823B1C323D /* Pods */ = {
			isa = PBXGroup;
			children = (
				FBADC45FBD0F3A8C3FEC4004 /* Pods-PodcastsApp.debug.xcconfig */,
				1724F280B1BF55F8B01C7B20 /* Pods-PodcastsApp.release.xcconfig */,
			);
			path = Pods;
			sourceTree = "<group>";
		};
		54722B842574B59200CB8A1D = {
			isa = PBXGroup;
			children = (
				54722B8F2574B59200CB8A1D /* PodcastsApp */,
				54722B8E2574B59200CB8A1D /* Products */,
				2C03A0A5D588DA823B1C323D /* Pods */,
				94E48467E144A0543E4069A0 /* Frameworks */,
			);
			sourceTree = "<group>";
		};
		54722B8E2574B59200CB8A1D /* Products */ = {
			isa = PBXGroup;
			children = (
				54722B8D2574B59200CB8A1D /* PodcastsApp.app */,
			);
			name = Products;
			sourceTree = "<group>";
		};
		54722B8F2574B59200CB8A1D /* PodcastsApp */ = {
			isa = PBXGroup;
			children = (
				54722BB32574E9CF00CB8A1D /* API */,
				54722BAE2574CB6F00CB8A1D /* Models */,
				54722BA62574B80A00CB8A1D /* Controllers */,
				54722B902574B59200CB8A1D /* AppDelegate.swift */,
				54722B922574B59200CB8A1D /* SceneDelegate.swift */,
				54722B962574B59200CB8A1D /* Main.storyboard */,
				54722B992574B59400CB8A1D /* Assets.xcassets */,
				54722B9B2574B59400CB8A1D /* LaunchScreen.storyboard */,
				54722B9E2574B59400CB8A1D /* Info.plist */,
			);
			path = PodcastsApp;
			sourceTree = "<group>";
		};
		54722BA62574B80A00CB8A1D /* Controllers */ = {
			isa = PBXGroup;
			children = (
				54722BA42574B74200CB8A1D /* MainTabBarController.swift */,
				54722B942574B59200CB8A1D /* ViewController.swift */,
				54722BB12574CB8D00CB8A1D /* PodcastsSearchController.swift */,
			);
			path = Controllers;
			sourceTree = "<group>";
		};
		54722BAE2574CB6F00CB8A1D /* Models */ = {
			isa = PBXGroup;
			children = (
				54722BAF2574CB8000CB8A1D /* Podcast.swift */,
			);
			path = Models;
			sourceTree = "<group>";
		};
		54722BB32574E9CF00CB8A1D /* API */ = {
			isa = PBXGroup;
			children = (
				54722BB42574E9DD00CB8A1D /* APIService.swift */,
			);
			path = API;
			sourceTree = "<group>";
		};
		94E48467E144A0543E4069A0 /* Frameworks */ = {
			isa = PBXGroup;
			children = (
				5E74DB4D5A69E5351C721DE4 /* Pods_PodcastsApp.framework */,
			);
			name = Frameworks;
			sourceTree = "<group>";
		};
/* End PBXGroup section */

/* Begin PBXNativeTarget section */
		54722B8C2574B59200CB8A1D /* PodcastsApp */ = {
			isa = PBXNativeTarget;
			buildConfigurationList = 54722BA12574B59400CB8A1D /* Build configuration list for PBXNativeTarget "PodcastsApp" */;
			buildPhases = (
				3AFD373F9411B9F43A14E952 /* [CP] Check Pods Manifest.lock */,
				54722B892574B59200CB8A1D /* Sources */,
				54722B8A2574B59200CB8A1D /* Frameworks */,
				54722B8B2574B59200CB8A1D /* Resources */,
				05F9769B67FBF49E89A58910 /* [CP] Embed Pods Frameworks */,
			);
			buildRules = (
			);
			dependencies = (
			);
			name = PodcastsApp;
			productName = PodcastsApp;
			productReference = 54722B8D2574B59200CB8A1D /* PodcastsApp.app */;
			productType = "com.apple.product-type.application";
		};
/* End PBXNativeTarget section */

/* Begin PBXProject section */
		54722B852574B59200CB8A1D /* Project object */ = {
			isa = PBXProject;
			attributes = {
				LastSwiftUpdateCheck = 1160;
				LastUpgradeCheck = 1160;
				ORGANIZATIONNAME = "David";
				TargetAttributes = {
					54722B8C2574B59200CB8A1D = {
						CreatedOnToolsVersion = 11.6;
					};
				};
			};
			buildConfigurationList = 54722B882574B59200CB8A1D /* Build configuration list for PBXProject "PodcastsApp" */;
			compatibilityVersion = "Xcode 9.3";
			developmentRegion = en;
			hasScannedForEncodings = 0;
			knownRegions = (
				en,
				Base,
			);
			mainGroup = 54722B842574B59200CB8A1D;
			productRefGroup = 54722B8E2574B59200CB8A1D /* Products */;
			projectDirPath = "";
			projectRoot = "";
			targets = (
				54722B8C2574B59200CB8A1D /* PodcastsApp */,
			);
		};
/* End PBXProject section */

/* Begin PBXResourcesBuildPhase section */
		54722B8B2574B59200CB8A1D /* Resources */ = {
			isa = PBXResourcesBuildPhase;
			buildActionMask = 2147483647;
			files = (
				54722B9D2574B59400CB8A1D /* LaunchScreen.storyboard in Resources */,
				54722B9A2574B59400CB8A1D /* Assets.xcassets in Resources */,
				54722B982574B59200CB8A1D /* Main.storyboard in Resources */,
			);
			runOnlyForDeploymentPostprocessing = 0;
		};
/* End PBXResourcesBuildPhase section */

/* Begin PBXShellScriptBuildPhase section */
		05F9769B67FBF49E89A58910 /* [CP] Embed Pods Frameworks */ = {
			isa = PBXShellScriptBuildPhase;
			buildActionMask = 2147483647;
			files = (
			);
			inputFileListPaths = (
				"${PODS_ROOT}/Target Support Files/Pods-PodcastsApp/Pods-PodcastsApp-frameworks-${CONFIGURATION}-input-files.xcfilelist",
			);
			name = "[CP] Embed Pods Frameworks";
			outputFileListPaths = (
				"${PODS_ROOT}/Target Support Files/Pods-PodcastsApp/Pods-PodcastsApp-frameworks-${CONFIGURATION}-output-files.xcfilelist",
			);
			runOnlyForDeploymentPostprocessing = 0;
			shellPath = /bin/sh;
			shellScript = "\"${PODS_ROOT}/Target Support Files/Pods-PodcastsApp/Pods-PodcastsApp-frameworks.sh\"\n";
			showEnvVarsInLog = 0;
		};
		3AFD373F9411B9F43A14E952 /* [CP] Check Pods Manifest.lock */ = {
			isa = PBXShellScriptBuildPhase;
			buildActionMask = 2147483647;
			files = (
			);
			inputFileListPaths = (
			);
			inputPaths = (
				"${PODS_PODFILE_DIR_PATH}/Podfile.lock",
				"${PODS_ROOT}/Manifest.lock",
			);
			name = "[CP] Check Pods Manifest.lock";
			outputFileListPaths = (
			);
			outputPaths = (
				"$(DERIVED_FILE_DIR)/Pods-PodcastsApp-checkManifestLockResult.txt",
			);
			runOnlyForDeploymentPostprocessing = 0;
			shellPath = /bin/sh;
			shellScript = "diff \"${PODS_PODFILE_DIR_PATH}/Podfile.lock\" \"${PODS_ROOT}/Manifest.lock\" > /dev/null\nif [ $? != 0 ] ; then\n    # print error to STDERR\n    echo \"error: The sandbox is not in sync with the Podfile.lock. Run 'pod install' or update your CocoaPods installation.\" >&2\n    exit 1\nfi\n# This output is used by Xcode 'outputs' to avoid re-running this script phase.\necho \"SUCCESS\" > \"${SCRIPT_OUTPUT_FILE_0}\"\n";
			showEnvVarsInLog = 0;
		};
/* End PBXShellScriptBuildPhase section */

/* Begin PBXSourcesBuildPhase section */
		54722B892574B59200CB8A1D /* Sources */ = {
			isa = PBXSourcesBuildPhase;
			buildActionMask = 2147483647;
			files = (
				54722B952574B59200CB8A1D /* ViewController.swift in Sources */,
				54722BB52574E9DD00CB8A1D /* APIService.swift in Sources */,
				54722B912574B59200CB8A1D /* AppDelegate.swift in Sources */,
				54722BB22574CB8D00CB8A1D /* PodcastsSearchController.swift in Sources */,
				54722BA52574B74200CB8A1D /* MainTabBarController.swift in Sources */,
				54722B932574B59200CB8A1D /* SceneDelegate.swift in Sources */,
				54722BB02574CB8000CB8A1D /* Podcast.swift in Sources */,
			);
			runOnlyForDeploymentPostprocessing = 0;
		};
/* End PBXSourcesBuildPhase section */

/* Begin PBXVariantGroup section */
		54722B962574B59200CB8A1D /* Main.storyboard */ = {
			isa = PBXVariantGroup;
			children = (
				54722B972574B59200CB8A1D /* Base */,
			);
			name = Main.storyboard;
			sourceTree = "<group>";
		};
		54722B9B2574B59400CB8A1D /* LaunchScreen.storyboard */ = {
			isa = PBXVariantGroup;
			children = (
				54722B9C2574B59400CB8A1D /* Base */,
			);
			name = LaunchScreen.storyboard;
			sourceTree = "<group>";
		};
/* End PBXVariantGroup section */

/* Begin XCBuildConfiguration section */
		54722B9F2574B59400CB8A1D /* Debug */ = {
			isa = XCBuildConfiguration;
			buildSettings = {
				ALWAYS_SEARCH_USER_PATHS = NO;
				CLANG_ANALYZER_NONNULL = YES;
				CLANG_ANALYZER_NUMBER_OBJECT_CONVERSION = YES_AGGRESSIVE;
				CLANG_CXX_LANGUAGE_STANDARD = "gnu++14";
				CLANG_CXX_LIBRARY = "libc++";
				CLANG_ENABLE_MODULES = YES;
				CLANG_ENABLE_OBJC_ARC = YES;
				CLANG_ENABLE_OBJC_WEAK = YES;
				CLANG_WARN_BLOCK_CAPTURE_AUTORELEASING = YES;
				CLANG_WARN_BOOL_CONVERSION = YES;
				CLANG_WARN_COMMA = YES;
				CLANG_WARN_CONSTANT_CONVERSION = YES;
				CLANG_WARN_DEPRECATED_OBJC_IMPLEMENTATIONS = YES;
				CLANG_WARN_DIRECT_OBJC_ISA_USAGE = YES_ERROR;
				CLANG_WARN_DOCUMENTATION_COMMENTS = YES;
				CLANG_WARN_EMPTY_BODY = YES;
				CLANG_WARN_ENUM_CONVERSION = YES;
				CLANG_WARN_INFINITE_RECURSION = YES;
				CLANG_WARN_INT_CONVERSION = YES;
				CLANG_WARN_NON_LITERAL_NULL_CONVERSION = YES;
				CLANG_WARN_OBJC_IMPLICIT_RETAIN_SELF = YES;
				CLANG_WARN_OBJC_LITERAL_CONVERSION = YES;
				CLANG_WARN_OBJC_ROOT_CLASS = YES_ERROR;
				CLANG_WARN_RANGE_LOOP_ANALYSIS = YES;
				CLANG_WARN_STRICT_PROTOTYPES = YES;
				CLANG_WARN_SUSPICIOUS_MOVE = YES;
				CLANG_WARN_UNGUARDED_AVAILABILITY = YES_AGGRESSIVE;
				CLANG_WARN_UNREACHABLE_CODE = YES;
				CLANG_WARN__DUPLICATE_METHOD_MATCH = YES;
				COPY_PHASE_STRIP = NO;
				DEBUG_INFORMATION_FORMAT = dwarf;
				ENABLE_STRICT_OBJC_MSGSEND = YES;
				ENABLE_TESTABILITY = YES;
				GCC_C_LANGUAGE_STANDARD = gnu11;
				GCC_DYNAMIC_NO_PIC = NO;
				GCC_NO_COMMON_BLOCKS = YES;
				GCC_OPTIMIZATION_LEVEL = 0;
				GCC_PREPROCESSOR_DEFINITIONS = (
					"DEBUG=1",
					"$(inherited)",
				);
				GCC_WARN_64_TO_32_BIT_CONVERSION = YES;
				GCC_WARN_ABOUT_RETURN_TYPE = YES_ERROR;
				GCC_WARN_UNDECLARED_SELECTOR = YES;
				GCC_WARN_UNINITIALIZED_AUTOS = YES_AGGRESSIVE;
				GCC_WARN_UNUSED_FUNCTION = YES;
				GCC_WARN_UNUSED_VARIABLE = YES;
				IPHONEOS_DEPLOYMENT_TARGET = 13.6;
				MTL_ENABLE_DEBUG_INFO = INCLUDE_SOURCE;
				MTL_FAST_MATH = YES;
				ONLY_ACTIVE_ARCH = YES;
				SDKROOT = iphoneos;
				SWIFT_ACTIVE_COMPILATION_CONDITIONS = DEBUG;
				SWIFT_OPTIMIZATION_LEVEL = "-Onone";
			};
			name = Debug;
		};
		54722BA02574B59400CB8A1D /* Release */ = {
			isa = XCBuildConfiguration;
			buildSettings = {
				ALWAYS_SEARCH_USER_PATHS = NO;
				CLANG_ANALYZER_NONNULL = YES;
				CLANG_ANALYZER_NUMBER_OBJECT_CONVERSION = YES_AGGRESSIVE;
				CLANG_CXX_LANGUAGE_STANDARD = "gnu++14";
				CLANG_CXX_LIBRARY = "libc++";
				CLANG_ENABLE_MODULES = YES;
				CLANG_ENABLE_OBJC_ARC = YES;
				CLANG_ENABLE_OBJC_WEAK = YES;
				CLANG_WARN_BLOCK_CAPTURE_AUTORELEASING = YES;
				CLANG_WARN_BOOL_CONVERSION = YES;
				CLANG_WARN_COMMA = YES;
				CLANG_WARN_CONSTANT_CONVERSION = YES;
				CLANG_WARN_DEPRECATED_OBJC_IMPLEMENTATIONS = YES;
				CLANG_WARN_DIRECT_OBJC_ISA_USAGE = YES_ERROR;
				CLANG_WARN_DOCUMENTATION_COMMENTS = YES;
				CLANG_WARN_EMPTY_BODY = YES;
				CLANG_WARN_ENUM_CONVERSION = YES;
				CLANG_WARN_INFINITE_RECURSION = YES;
				CLANG_WARN_INT_CONVERSION = YES;
				CLANG_WARN_NON_LITERAL_NULL_CONVERSION = YES;
				CLANG_WARN_OBJC_IMPLICIT_RETAIN_SELF = YES;
				CLANG_WARN_OBJC_LITERAL_CONVERSION = YES;
				CLANG_WARN_OBJC_ROOT_CLASS = YES_ERROR;
				CLANG_WARN_RANGE_LOOP_ANALYSIS = YES;
				CLANG_WARN_STRICT_PROTOTYPES = YES;
				CLANG_WARN_SUSPICIOUS_MOVE = YES;
				CLANG_WARN_UNGUARDED_AVAILABILITY = YES_AGGRESSIVE;
				CLANG_WARN_UNREACHABLE_CODE = YES;
				CLANG_WARN__DUPLICATE_METHOD_MATCH = YES;
				COPY_PHASE_STRIP = NO;
				DEBUG_INFORMATION_FORMAT = "dwarf-with-dsym";
				ENABLE_NS_ASSERTIONS = NO;
				ENABLE_STRICT_OBJC_MSGSEND = YES;
				GCC_C_LANGUAGE_STANDARD = gnu11;
				GCC_NO_COMMON_BLOCKS = YES;
				GCC_WARN_64_TO_32_BIT_CONVERSION = YES;
				GCC_WARN_ABOUT_RETURN_TYPE = YES_ERROR;
				GCC_WARN_UNDECLARED_SELECTOR = YES;
				GCC_WARN_UNINITIALIZED_AUTOS = YES_AGGRESSIVE;
				GCC_WARN_UNUSED_FUNCTION = YES;
				GCC_WARN_UNUSED_VARIABLE = YES;
				IPHONEOS_DEPLOYMENT_TARGET = 13.6;
				MTL_ENABLE_DEBUG_INFO = NO;
				MTL_FAST_MATH = YES;
				SDKROOT = iphoneos;
				SWIFT_COMPILATION_MODE = wholemodule;
				SWIFT_OPTIMIZATION_LEVEL = "-O";
				VALIDATE_PRODUCT = YES;
			};
			name = Release;
		};
		54722BA22574B59400CB8A1D /* Debug */ = {
			isa = XCBuildConfiguration;
			baseConfigurationReference = FBADC45FBD0F3A8C3FEC4004 /* Pods-PodcastsApp.debug.xcconfig */;
			buildSettings = {
				ASSETCATALOG_COMPILER_APPICON_NAME = AppIcon;
				CODE_SIGN_STYLE = Automatic;
				DEVELOPMENT_TEAM = 36872U436D;
				INFOPLIST_FILE = PodcastsApp/Info.plist;
				LD_RUNPATH_SEARCH_PATHS = (
					"$(inherited)",
					"@executable_path/Frameworks",
				);
				PRODUCT_BUNDLE_IDENTIFIER = com.dvdlee.PodcastsApp;
				PRODUCT_NAME = "$(TARGET_NAME)";
				SWIFT_VERSION = 5.0;
				TARGETED_DEVICE_FAMILY = "1,2";
			};
			name = Debug;
		};
		54722BA32574B59400CB8A1D /* Release */ = {
			isa = XCBuildConfiguration;
			baseConfigurationReference = 1724F280B1BF55F8B01C7B20 /* Pods-PodcastsApp.release.xcconfig */;
			buildSettings = {
				ASSETCATALOG_COMPILER_APPICON_NAME = AppIcon;
				CODE_SIGN_STYLE = Automatic;
				DEVELOPMENT_TEAM = 36872U436D;
				INFOPLIST_FILE = PodcastsApp/Info.plist;
				LD_RUNPATH_SEARCH_PATHS = (
					"$(inherited)",
					"@executable_path/Frameworks",
				);
				PRODUCT_BUNDLE_IDENTIFIER = com.dvdlee.PodcastsApp;
				PRODUCT_NAME = "$(TARGET_NAME)";
				SWIFT_VERSION = 5.0;
				TARGETED_DEVICE_FAMILY = "1,2";
			};
			name = Release;
		};
/* End XCBuildConfiguration section */

/* Begin XCConfigurationList section */
		54722B882574B59200CB8A1D /* Build configuration list for PBXProject "PodcastsApp" */ = {
			isa = XCConfigurationList;
			buildConfigurations = (
				54722B9F2574B59400CB8A1D /* Debug */,
				54722BA02574B59400CB8A1D /* Release */,
			);
			defaultConfigurationIsVisible = 0;
			defaultConfigurationName = Release;
		};
		54722BA12574B59400CB8A1D /* Build configuration list for PBXNativeTarget "PodcastsApp" */ = {
			isa = XCConfigurationList;
			buildConfigurations = (
				54722BA22574B59400CB8A1D /* Debug */,
				54722BA32574B59400CB8A1D /* Release */,
			);
			defaultConfigurationIsVisible = 0;
			defaultConfigurationName = Release;
		};
/* End XCConfigurationList section */
	};
	rootObject = 54722B852574B59200CB8A1D /* Project object */;
}
